
Microsoft Visual Studio Solution File, Format Version 12.00
# Visual Studio Version 16
VisualStudioVersion = 16.0.29905.134
MinimumVisualStudioVersion = 10.0.40219.1
Project("{FAE04EC0-301F-11D3-BF4B-00C04F79EFBC}") = "ConsoleApp1", "ConsoleApp1\ConsoleApp1.csproj", "{57F3BBB2-F034-4BFE-A5A1-146104D7F2E7}"
EndProject
Global
	GlobalSection(SolutionConfigurationPlatforms) = preSolution
		Debug|Any CPU = Debug|Any CPU
		Release|Any CPU = Release|Any CPU
	EndGlobalSection
	GlobalSection(ProjectConfigurationPlatforms) = postSolution
		{57F3BBB2-F034-4BFE-A5A1-146104D7F2E7}.Debug|Any CPU.ActiveCfg = Debug|Any CPU
		{57F3BBB2-F034-4BFE-A5A1-146104D7F2E7}.Debug|Any CPU.Build.0 = Debug|Any CPU
		{57F3BBB2-F034-4BFE-A5A1-146104D7F2E7}.Release|Any CPU.ActiveCfg = Release|Any CPU
		{57F3BBB2-F034-4BFE-A5A1-146104D7F2E7}.Release|Any CPU.Build.0 = Release|Any CPU
	EndGlobalSection
	GlobalSection(SolutionProperties) = preSolution
		HideSolutionNode = FALSE
	EndGlobalSection
	GlobalSection(ExtensibilityGlobals) = postSolution
		SolutionGuid = {09A7F0AD-1D51-4613-9258-A889F0E38463}
	EndGlobalSection
EndGlobal
